
Microsoft Visual Studio Solution File, Format Version 12.00
# Visual Studio Version 17
VisualStudioVersion = 17.8.34309.116
MinimumVisualStudioVersion = 10.0.40219.1
Project("{FAE04EC0-301F-11D3-BF4B-00C04F79EFBC}") = "BothMimics", "BothMimics.csproj", "{0666F403-C0D1-4C0D-B991-E294A2CD7CB8}"
EndProject
Global
	GlobalSection(SolutionConfigurationPlatforms) = preSolution
		Debug|Any CPU = Debug|Any CPU
		Release|Any CPU = Release|Any CPU
	EndGlobalSection
	GlobalSection(ProjectConfigurationPlatforms) = postSolution
		{0666F403-C0D1-4C0D-B991-E294A2CD7CB8}.Debug|Any CPU.ActiveCfg = Debug|Any CPU
		{0666F403-C0D1-4C0D-B991-E294A2CD7CB8}.Debug|Any CPU.Build.0 = Debug|Any CPU
		{0666F403-C0D1-4C0D-B991-E294A2CD7CB8}.Release|Any CPU.ActiveCfg = Release|Any CPU
		{0666F403-C0D1-4C0D-B991-E294A2CD7CB8}.Release|Any CPU.Build.0 = Release|Any CPU
	EndGlobalSection
	GlobalSection(SolutionProperties) = preSolution
		HideSolutionNode = FALSE
	EndGlobalSection
	GlobalSection(ExtensibilityGlobals) = postSolution
		SolutionGuid = {96144AED-9279-4ED6-ADF1-4C12EEAD996D}
	EndGlobalSection
EndGlobal
